
Microsoft Visual Studio Solution File, Format Version 12.00
# Visual Studio Version 16
VisualStudioVersion = 16.0.29209.62
MinimumVisualStudioVersion = 10.0.40219.1
Project("{FAE04EC0-301F-11D3-BF4B-00C04F79EFBC}") = "editor de texto", "editor de texto.csproj", "{943AC16B-41ED-4DF2-98F3-EE6132E7BEAC}"
EndProject
Global
	GlobalSection(SolutionConfigurationPlatforms) = preSolution
		Debug|Any CPU = Debug|Any CPU
		Release|Any CPU = Release|Any CPU
	EndGlobalSection
	GlobalSection(ProjectConfigurationPlatforms) = postSolution
		{943AC16B-41ED-4DF2-98F3-EE6132E7BEAC}.Debug|Any CPU.ActiveCfg = Debug|Any CPU
		{943AC16B-41ED-4DF2-98F3-EE6132E7BEAC}.Debug|Any CPU.Build.0 = Debug|Any CPU
		{943AC16B-41ED-4DF2-98F3-EE6132E7BEAC}.Release|Any CPU.ActiveCfg = Release|Any CPU
		{943AC16B-41ED-4DF2-98F3-EE6132E7BEAC}.Release|Any CPU.Build.0 = Release|Any CPU
	EndGlobalSection
	GlobalSection(SolutionProperties) = preSolution
		HideSolutionNode = FALSE
	EndGlobalSection
	GlobalSection(ExtensibilityGlobals) = postSolution
		SolutionGuid = {6BDEA4D3-5F62-4BD3-ADCC-1B9CC92F9BB7}
	EndGlobalSection
EndGlobal
